
Microsoft Visual Studio Solution File, Format Version 12.00
# Visual Studio Version 17
VisualStudioVersion = 17.5.33516.290
MinimumVisualStudioVersion = 10.0.40219.1
Project("{FAE04EC0-301F-11D3-BF4B-00C04F79EFBC}") = "EOS", "EOS\EOS.csproj", "{30A71EAB-C70A-4F4E-9175-9CE3170B75C6}"
EndProject
Global
	GlobalSection(SolutionConfigurationPlatforms) = preSolution
		Debug|Any CPU = Debug|Any CPU
		Release|Any CPU = Release|Any CPU
	EndGlobalSection
	GlobalSection(ProjectConfigurationPlatforms) = postSolution
		{30A71EAB-C70A-4F4E-9175-9CE3170B75C6}.Debug|Any CPU.ActiveCfg = Debug|Any CPU
		{30A71EAB-C70A-4F4E-9175-9CE3170B75C6}.Debug|Any CPU.Build.0 = Debug|Any CPU
		{30A71EAB-C70A-4F4E-9175-9CE3170B75C6}.Release|Any CPU.ActiveCfg = Release|Any CPU
		{30A71EAB-C70A-4F4E-9175-9CE3170B75C6}.Release|Any CPU.Build.0 = Release|Any CPU
	EndGlobalSection
	GlobalSection(SolutionProperties) = preSolution
		HideSolutionNode = FALSE
	EndGlobalSection
	GlobalSection(ExtensibilityGlobals) = postSolution
		SolutionGuid = {FB2660A7-4F6D-4A1A-B092-64AD87E39ECE}
	EndGlobalSection
EndGlobal
